
Microsoft Visual Studio Solution File, Format Version 12.00
# Visual Studio Version 16
VisualStudioVersion = 16.0.31205.134
MinimumVisualStudioVersion = 10.0.40219.1
Project("{FAE04EC0-301F-11D3-BF4B-00C04F79EFBC}") = "WebApplication1", "WebApplication1.csproj", "{15149DED-5CDC-4AE1-89D4-489BE05299C8}"
EndProject
Global
	GlobalSection(SolutionConfigurationPlatforms) = preSolution
		Debug|Any CPU = Debug|Any CPU
		Release|Any CPU = Release|Any CPU
	EndGlobalSection
	GlobalSection(ProjectConfigurationPlatforms) = postSolution
		{15149DED-5CDC-4AE1-89D4-489BE05299C8}.Debug|Any CPU.ActiveCfg = Debug|Any CPU
		{15149DED-5CDC-4AE1-89D4-489BE05299C8}.Debug|Any CPU.Build.0 = Debug|Any CPU
		{15149DED-5CDC-4AE1-89D4-489BE05299C8}.Release|Any CPU.ActiveCfg = Release|Any CPU
		{15149DED-5CDC-4AE1-89D4-489BE05299C8}.Release|Any CPU.Build.0 = Release|Any CPU
	EndGlobalSection
	GlobalSection(SolutionProperties) = preSolution
		HideSolutionNode = FALSE
	EndGlobalSection
	GlobalSection(ExtensibilityGlobals) = postSolution
		SolutionGuid = {EB45962D-EFE8-4051-8FA0-CEAAAA29CD1F}
	EndGlobalSection
EndGlobal
