
Microsoft Visual Studio Solution File, Format Version 12.00
# Visual Studio Version 16
VisualStudioVersion = 16.0.31205.134
MinimumVisualStudioVersion = 10.0.40219.1
Project("{FAE04EC0-301F-11D3-BF4B-00C04F79EFBC}") = "ASP.NET", "ASP.NET.csproj", "{38157AA8-C6B9-4F26-8DC7-31CF2B957B95}"
EndProject
Global
	GlobalSection(SolutionConfigurationPlatforms) = preSolution
		Debug|Any CPU = Debug|Any CPU
		Release|Any CPU = Release|Any CPU
	EndGlobalSection
	GlobalSection(ProjectConfigurationPlatforms) = postSolution
		{38157AA8-C6B9-4F26-8DC7-31CF2B957B95}.Debug|Any CPU.ActiveCfg = Debug|Any CPU
		{38157AA8-C6B9-4F26-8DC7-31CF2B957B95}.Debug|Any CPU.Build.0 = Debug|Any CPU
		{38157AA8-C6B9-4F26-8DC7-31CF2B957B95}.Release|Any CPU.ActiveCfg = Release|Any CPU
		{38157AA8-C6B9-4F26-8DC7-31CF2B957B95}.Release|Any CPU.Build.0 = Release|Any CPU
	EndGlobalSection
	GlobalSection(SolutionProperties) = preSolution
		HideSolutionNode = FALSE
	EndGlobalSection
	GlobalSection(ExtensibilityGlobals) = postSolution
		SolutionGuid = {ED8EBFD4-8EBC-42F3-A6B3-2FF8E0073381}
	EndGlobalSection
EndGlobal
