
Microsoft Visual Studio Solution File, Format Version 12.00
# Visual Studio Version 16
VisualStudioVersion = 16.0.31205.134
MinimumVisualStudioVersion = 10.0.40219.1
Project("{FAE04EC0-301F-11D3-BF4B-00C04F79EFBC}") = "WebAPICore", "WebAPICore.csproj", "{E20431F6-76EE-486E-B058-43A41E1393C3}"
EndProject
Global
	GlobalSection(SolutionConfigurationPlatforms) = preSolution
		Debug|Any CPU = Debug|Any CPU
		Release|Any CPU = Release|Any CPU
	EndGlobalSection
	GlobalSection(ProjectConfigurationPlatforms) = postSolution
		{E20431F6-76EE-486E-B058-43A41E1393C3}.Debug|Any CPU.ActiveCfg = Debug|Any CPU
		{E20431F6-76EE-486E-B058-43A41E1393C3}.Debug|Any CPU.Build.0 = Debug|Any CPU
		{E20431F6-76EE-486E-B058-43A41E1393C3}.Release|Any CPU.ActiveCfg = Release|Any CPU
		{E20431F6-76EE-486E-B058-43A41E1393C3}.Release|Any CPU.Build.0 = Release|Any CPU
	EndGlobalSection
	GlobalSection(SolutionProperties) = preSolution
		HideSolutionNode = FALSE
	EndGlobalSection
	GlobalSection(ExtensibilityGlobals) = postSolution
		SolutionGuid = {532EEA60-E310-483A-864E-2B68EBC102CB}
	EndGlobalSection
EndGlobal
